{
  "name": "beginner",
  "version": "1.0.0",
  "lockfileVersion": 1,
  "requires": true,
  "dependencies": {
    "csv-parse": {
      "version": "4.8.6",
      "resolved": "https://registry.npmjs.org/csv-parse/-/csv-parse-4.8.6.tgz",
      "integrity": "sha512-rSJlpgAjrB6pmlPaqiBAp3qVtQHN07VxI+ozs+knMsNvgh4bDQgENKLFYLFMvT+jn/wr/zvqsd7IVZ7Txdkr7w=="
    }
  }
}
