# THIS IS AN AUTOGENERATED FILE. DO NOT EDIT THIS FILE DIRECTLY.
# yarn lockfile v1


csv-parse@^4.8.6:
  version "4.8.6"
  resolved "https://registry.yarnpkg.com/csv-parse/-/csv-parse-4.8.6.tgz#e3e01c2c9593194f1b7aae6291c65304b35022c8"
  integrity sha512-rSJlpgAjrB6pmlPaqiBAp3qVtQHN07VxI+ozs+knMsNvgh4bDQgENKLFYLFMvT+jn/wr/zvqsd7IVZ7Txdkr7w==
